
Microsoft Visual Studio Solution File, Format Version 12.00
# Visual Studio Version 17
VisualStudioVersion = 17.9.34616.47
MinimumVisualStudioVersion = 10.0.40219.1
Project("{FAE04EC0-301F-11D3-BF4B-00C04F79EFBC}") = "PB", "PB\PB.csproj", "{ABF7C09F-B707-4077-AF63-1F7F24ECD1A5}"
EndProject
Global
	GlobalSection(SolutionConfigurationPlatforms) = preSolution
		Debug|Any CPU = Debug|Any CPU
		Release|Any CPU = Release|Any CPU
	EndGlobalSection
	GlobalSection(ProjectConfigurationPlatforms) = postSolution
		{ABF7C09F-B707-4077-AF63-1F7F24ECD1A5}.Debug|Any CPU.ActiveCfg = Debug|Any CPU
		{ABF7C09F-B707-4077-AF63-1F7F24ECD1A5}.Debug|Any CPU.Build.0 = Debug|Any CPU
		{ABF7C09F-B707-4077-AF63-1F7F24ECD1A5}.Release|Any CPU.ActiveCfg = Release|Any CPU
		{ABF7C09F-B707-4077-AF63-1F7F24ECD1A5}.Release|Any CPU.Build.0 = Release|Any CPU
	EndGlobalSection
	GlobalSection(SolutionProperties) = preSolution
		HideSolutionNode = FALSE
	EndGlobalSection
	GlobalSection(ExtensibilityGlobals) = postSolution
		SolutionGuid = {0AFB7ACD-26D9-4151-8149-06760875764A}
	EndGlobalSection
EndGlobal
